
Microsoft Visual Studio Solution File, Format Version 12.00
# Visual Studio Version 17
VisualStudioVersion = 17.7.34031.279
MinimumVisualStudioVersion = 10.0.40219.1
Project("{FAE04EC0-301F-11D3-BF4B-00C04F79EFBC}") = "OOPBasics", "OOPBasics\OOPBasics.csproj", "{6FF0CC4A-23C7-4BCB-9ACB-CA7DC158F5BB}"
EndProject
Global
	GlobalSection(SolutionConfigurationPlatforms) = preSolution
		Debug|Any CPU = Debug|Any CPU
		Release|Any CPU = Release|Any CPU
	EndGlobalSection
	GlobalSection(ProjectConfigurationPlatforms) = postSolution
		{6FF0CC4A-23C7-4BCB-9ACB-CA7DC158F5BB}.Debug|Any CPU.ActiveCfg = Debug|Any CPU
		{6FF0CC4A-23C7-4BCB-9ACB-CA7DC158F5BB}.Debug|Any CPU.Build.0 = Debug|Any CPU
		{6FF0CC4A-23C7-4BCB-9ACB-CA7DC158F5BB}.Release|Any CPU.ActiveCfg = Release|Any CPU
		{6FF0CC4A-23C7-4BCB-9ACB-CA7DC158F5BB}.Release|Any CPU.Build.0 = Release|Any CPU
	EndGlobalSection
	GlobalSection(SolutionProperties) = preSolution
		HideSolutionNode = FALSE
	EndGlobalSection
	GlobalSection(ExtensibilityGlobals) = postSolution
		SolutionGuid = {392430CA-43D2-4D1A-84F6-B8903A9AC1D9}
	EndGlobalSection
EndGlobal
